
Microsoft Visual Studio Solution File, Format Version 12.00
# Visual Studio Version 17
VisualStudioVersion = 17.1.32228.430
MinimumVisualStudioVersion = 10.0.40219.1
Project("{FAE04EC0-301F-11D3-BF4B-00C04F79EFBC}") = "Ecommerce_Diseño", "Ecommerce_Diseño.csproj", "{A81F4E02-8286-4BC6-B5FA-36E5F5A0C21E}"
EndProject
Global
	GlobalSection(SolutionConfigurationPlatforms) = preSolution
		Debug|Any CPU = Debug|Any CPU
		Release|Any CPU = Release|Any CPU
	EndGlobalSection
	GlobalSection(ProjectConfigurationPlatforms) = postSolution
		{A81F4E02-8286-4BC6-B5FA-36E5F5A0C21E}.Debug|Any CPU.ActiveCfg = Debug|Any CPU
		{A81F4E02-8286-4BC6-B5FA-36E5F5A0C21E}.Debug|Any CPU.Build.0 = Debug|Any CPU
		{A81F4E02-8286-4BC6-B5FA-36E5F5A0C21E}.Release|Any CPU.ActiveCfg = Release|Any CPU
		{A81F4E02-8286-4BC6-B5FA-36E5F5A0C21E}.Release|Any CPU.Build.0 = Release|Any CPU
	EndGlobalSection
	GlobalSection(SolutionProperties) = preSolution
		HideSolutionNode = FALSE
	EndGlobalSection
	GlobalSection(ExtensibilityGlobals) = postSolution
		SolutionGuid = {2CC73A7A-9D18-4657-B6EB-5425155B4B5E}
	EndGlobalSection
EndGlobal
